// !$*UTF8*$!
{
	archiveVersion = 1;
	classes = {
	};
	objectVersion = 56;
	objects = {

/* Begin PBXBuildFile section */
		BAE791AF2B13F0D1009D0A18 /* GithubSearchApp.swift in Sources */ = {isa = PBXBuildFile; fileRef = BAE791AE2B13F0D1009D0A18 /* GithubSearchApp.swift */; };
		BAE791B12B13F0D1009D0A18 /* ContentView.swift in Sources */ = {isa = PBXBuildFile; fileRef = BAE791B02B13F0D1009D0A18 /* ContentView.swift */; };
		BAE791B32B13F0D6009D0A18 /* Assets.xcassets in Resources */ = {isa = PBXBuildFile; fileRef = BAE791B22B13F0D6009D0A18 /* Assets.xcassets */; };
		BAE791B62B13F0D6009D0A18 /* Preview Assets.xcassets in Resources */ = {isa = PBXBuildFile; fileRef = BAE791B52B13F0D6009D0A18 /* Preview Assets.xcassets */; };
		BAE791C02B13F0D6009D0A18 /* GithubSearchTests.swift in Sources */ = {isa = PBXBuildFile; fileRef = BAE791BF2B13F0D6009D0A18 /* GithubSearchTests.swift */; };
		BAE791CA2B13F0D6009D0A18 /* GithubSearchUITests.swift in Sources */ = {isa = PBXBuildFile; fileRef = BAE791C92B13F0D6009D0A18 /* GithubSearchUITests.swift */; };
		BAE791CC2B13F0D6009D0A18 /* GithubSearchUITestsLaunchTests.swift in Sources */ = {isa = PBXBuildFile; fileRef = BAE791CB2B13F0D6009D0A18 /* GithubSearchUITestsLaunchTests.swift */; };
		BAE791D92B13F491009D0A18 /* HomeView.swift in Sources */ = {isa = PBXBuildFile; fileRef = BAE791D82B13F491009D0A18 /* HomeView.swift */; };
		BAE791DB2B13F4BD009D0A18 /* RepositoryView.swift in Sources */ = {isa = PBXBuildFile; fileRef = BAE791DA2B13F4BD009D0A18 /* RepositoryView.swift */; };
		BAE791DD2B13F7F5009D0A18 /* UsersView.swift in Sources */ = {isa = PBXBuildFile; fileRef = BAE791DC2B13F7F5009D0A18 /* UsersView.swift */; };
		BAE791DF2B13F876009D0A18 /* Repository.swift in Sources */ = {isa = PBXBuildFile; fileRef = BAE791DE2B13F876009D0A18 /* Repository.swift */; };
		BAE791E12B13F898009D0A18 /* User.swift in Sources */ = {isa = PBXBuildFile; fileRef = BAE791E02B13F897009D0A18 /* User.swift */; };
		BAE791E32B1404E8009D0A18 /* GitHubAPIManager.swift in Sources */ = {isa = PBXBuildFile; fileRef = BAE791E22B1404E8009D0A18 /* GitHubAPIManager.swift */; };
		BAEE39302B166A520022C8E8 /* UserDetailView.swift in Sources */ = {isa = PBXBuildFile; fileRef = BAEE392F2B166A520022C8E8 /* UserDetailView.swift */; };
		BAEE39322B175AE40022C8E8 /* RepositoryViewModel.swift in Sources */ = {isa = PBXBuildFile; fileRef = BAEE39312B175AE40022C8E8 /* RepositoryViewModel.swift */; };
		BAEE39342B175AF20022C8E8 /* UserViewModel.swift in Sources */ = {isa = PBXBuildFile; fileRef = BAEE39332B175AF20022C8E8 /* UserViewModel.swift */; };
		BAEE39362B175B040022C8E8 /* UserDetailViewModel.swift in Sources */ = {isa = PBXBuildFile; fileRef = BAEE39352B175B040022C8E8 /* UserDetailViewModel.swift */; };
/* End PBXBuildFile section */

/* Begin PBXContainerItemProxy section */
		BAE791BC2B13F0D6009D0A18 /* PBXContainerItemProxy */ = {
			isa = PBXContainerItemProxy;
			containerPortal = BAE791A32B13F0D1009D0A18 /* Project object */;
			proxyType = 1;
			remoteGlobalIDString = BAE791AA2B13F0D1009D0A18;
			remoteInfo = GithubSearch;
		};
		BAE791C62B13F0D6009D0A18 /* PBXContainerItemProxy */ = {
			isa = PBXContainerItemProxy;
			containerPortal = BAE791A32B13F0D1009D0A18 /* Project object */;
			proxyType = 1;
			remoteGlobalIDString = BAE791AA2B13F0D1009D0A18;
			remoteInfo = GithubSearch;
		};
/* End PBXContainerItemProxy section */

/* Begin PBXFileReference section */
		BAE791AB2B13F0D1009D0A18 /* GithubSearch.app */ = {isa = PBXFileReference; explicitFileType = wrapper.application; includeInIndex = 0; path = GithubSearch.app; sourceTree = BUILT_PRODUCTS_DIR; };
		BAE791AE2B13F0D1009D0A18 /* GithubSearchApp.swift */ = {isa = PBXFileReference; lastKnownFileType = sourcecode.swift; path = GithubSearchApp.swift; sourceTree = "<group>"; };
		BAE791B02B13F0D1009D0A18 /* ContentView.swift */ = {isa = PBXFileReference; lastKnownFileType = sourcecode.swift; path = ContentView.swift; sourceTree = "<group>"; };
		BAE791B22B13F0D6009D0A18 /* Assets.xcassets */ = {isa = PBXFileReference; lastKnownFileType = folder.assetcatalog; path = Assets.xcassets; sourceTree = "<group>"; };
		BAE791B52B13F0D6009D0A18 /* Preview Assets.xcassets */ = {isa = PBXFileReference; lastKnownFileType = folder.assetcatalog; path = "Preview Assets.xcassets"; sourceTree = "<group>"; };
		BAE791BB2B13F0D6009D0A18 /* GithubSearchTests.xctest */ = {isa = PBXFileReference; explicitFileType = wrapper.cfbundle; includeInIndex = 0; path = GithubSearchTests.xctest; sourceTree = BUILT_PRODUCTS_DIR; };
		BAE791BF2B13F0D6009D0A18 /* GithubSearchTests.swift */ = {isa = PBXFileReference; lastKnownFileType = sourcecode.swift; path = GithubSearchTests.swift; sourceTree = "<group>"; };
		BAE791C52B13F0D6009D0A18 /* GithubSearchUITests.xctest */ = {isa = PBXFileReference; explicitFileType = wrapper.cfbundle; includeInIndex = 0; path = GithubSearchUITests.xctest; sourceTree = BUILT_PRODUCTS_DIR; };
		BAE791C92B13F0D6009D0A18 /* GithubSearchUITests.swift */ = {isa = PBXFileReference; lastKnownFileType = sourcecode.swift; path = GithubSearchUITests.swift; sourceTree = "<group>"; };
		BAE791CB2B13F0D6009D0A18 /* GithubSearchUITestsLaunchTests.swift */ = {isa = PBXFileReference; lastKnownFileType = sourcecode.swift; path = GithubSearchUITestsLaunchTests.swift; sourceTree = "<group>"; };
		BAE791D82B13F491009D0A18 /* HomeView.swift */ = {isa = PBXFileReference; lastKnownFileType = sourcecode.swift; path = HomeView.swift; sourceTree = "<group>"; };
		BAE791DA2B13F4BD009D0A18 /* RepositoryView.swift */ = {isa = PBXFileReference; lastKnownFileType = sourcecode.swift; path = RepositoryView.swift; sourceTree = "<group>"; };
		BAE791DC2B13F7F5009D0A18 /* UsersView.swift */ = {isa = PBXFileReference; lastKnownFileType = sourcecode.swift; path = UsersView.swift; sourceTree = "<group>"; };
		BAE791DE2B13F876009D0A18 /* Repository.swift */ = {isa = PBXFileReference; lastKnownFileType = sourcecode.swift; path = Repository.swift; sourceTree = "<group>"; };
		BAE791E02B13F897009D0A18 /* User.swift */ = {isa = PBXFileReference; lastKnownFileType = sourcecode.swift; path = User.swift; sourceTree = "<group>"; };
		BAE791E22B1404E8009D0A18 /* GitHubAPIManager.swift */ = {isa = PBXFileReference; lastKnownFileType = sourcecode.swift; path = GitHubAPIManager.swift; sourceTree = "<group>"; };
		BAEE392F2B166A520022C8E8 /* UserDetailView.swift */ = {isa = PBXFileReference; lastKnownFileType = sourcecode.swift; path = UserDetailView.swift; sourceTree = "<group>"; };
		BAEE39312B175AE40022C8E8 /* RepositoryViewModel.swift */ = {isa = PBXFileReference; lastKnownFileType = sourcecode.swift; path = RepositoryViewModel.swift; sourceTree = "<group>"; };
		BAEE39332B175AF20022C8E8 /* UserViewModel.swift */ = {isa = PBXFileReference; lastKnownFileType = sourcecode.swift; path = UserViewModel.swift; sourceTree = "<group>"; };
		BAEE39352B175B040022C8E8 /* UserDetailViewModel.swift */ = {isa = PBXFileReference; lastKnownFileType = sourcecode.swift; path = UserDetailViewModel.swift; sourceTree = "<group>"; };
/* End PBXFileReference section */

/* Begin PBXFrameworksBuildPhase section */
		BAE791A82B13F0D1009D0A18 /* Frameworks */ = {
			isa = PBXFrameworksBuildPhase;
			buildActionMask = 2147483647;
			files = (
			);
			runOnlyForDeploymentPostprocessing = 0;
		};
		BAE791B82B13F0D6009D0A18 /* Frameworks */ = {
			isa = PBXFrameworksBuildPhase;
			buildActionMask = 2147483647;
			files = (
			);
			runOnlyForDeploymentPostprocessing = 0;
		};
		BAE791C22B13F0D6009D0A18 /* Frameworks */ = {
			isa = PBXFrameworksBuildPhase;
			buildActionMask = 2147483647;
			files = (
			);
			runOnlyForDeploymentPostprocessing = 0;
		};
/* End PBXFrameworksBuildPhase section */

/* Begin PBXGroup section */
		BAE791A22B13F0D1009D0A18 = {
			isa = PBXGroup;
			children = (
				BAE791AD2B13F0D1009D0A18 /* GithubSearch */,
				BAE791BE2B13F0D6009D0A18 /* GithubSearchTests */,
				BAE791C82B13F0D6009D0A18 /* GithubSearchUITests */,
				BAE791AC2B13F0D1009D0A18 /* Products */,
			);
			sourceTree = "<group>";
		};
		BAE791AC2B13F0D1009D0A18 /* Products */ = {
			isa = PBXGroup;
			children = (
				BAE791AB2B13F0D1009D0A18 /* GithubSearch.app */,
				BAE791BB2B13F0D6009D0A18 /* GithubSearchTests.xctest */,
				BAE791C52B13F0D6009D0A18 /* GithubSearchUITests.xctest */,
			);
			name = Products;
			sourceTree = "<group>";
		};
		BAE791AD2B13F0D1009D0A18 /* GithubSearch */ = {
			isa = PBXGroup;
			children = (
				BAE791AE2B13F0D1009D0A18 /* GithubSearchApp.swift */,
				BAE791B02B13F0D1009D0A18 /* ContentView.swift */,
				BAE791D82B13F491009D0A18 /* HomeView.swift */,
				BAE791DA2B13F4BD009D0A18 /* RepositoryView.swift */,
				BAE791DC2B13F7F5009D0A18 /* UsersView.swift */,
				BAEE39312B175AE40022C8E8 /* RepositoryViewModel.swift */,
				BAEE39332B175AF20022C8E8 /* UserViewModel.swift */,
				BAEE39352B175B040022C8E8 /* UserDetailViewModel.swift */,
				BAEE392F2B166A520022C8E8 /* UserDetailView.swift */,
				BAE791E22B1404E8009D0A18 /* GitHubAPIManager.swift */,
				BAE791DE2B13F876009D0A18 /* Repository.swift */,
				BAE791E02B13F897009D0A18 /* User.swift */,
				BAE791B22B13F0D6009D0A18 /* Assets.xcassets */,
				BAE791B42B13F0D6009D0A18 /* Preview Content */,
			);
			path = GithubSearch;
			sourceTree = "<group>";
		};
		BAE791B42B13F0D6009D0A18 /* Preview Content */ = {
			isa = PBXGroup;
			children = (
				BAE791B52B13F0D6009D0A18 /* Preview Assets.xcassets */,
			);
			path = "Preview Content";
			sourceTree = "<group>";
		};
		BAE791BE2B13F0D6009D0A18 /* GithubSearchTests */ = {
			isa = PBXGroup;
			children = (
				BAE791BF2B13F0D6009D0A18 /* GithubSearchTests.swift */,
			);
			path = GithubSearchTests;
			sourceTree = "<group>";
		};
		BAE791C82B13F0D6009D0A18 /* GithubSearchUITests */ = {
			isa = PBXGroup;
			children = (
				BAE791C92B13F0D6009D0A18 /* GithubSearchUITests.swift */,
				BAE791CB2B13F0D6009D0A18 /* GithubSearchUITestsLaunchTests.swift */,
			);
			path = GithubSearchUITests;
			sourceTree = "<group>";
		};
/* End PBXGroup section */

/* Begin PBXNativeTarget section */
		BAE791AA2B13F0D1009D0A18 /* GithubSearch */ = {
			isa = PBXNativeTarget;
			buildConfigurationList = BAE791CF2B13F0D6009D0A18 /* Build configuration list for PBXNativeTarget "GithubSearch" */;
			buildPhases = (
				BAE791A72B13F0D1009D0A18 /* Sources */,
				BAE791A82B13F0D1009D0A18 /* Frameworks */,
				BAE791A92B13F0D1009D0A18 /* Resources */,
			);
			buildRules = (
			);
			dependencies = (
			);
			name = GithubSearch;
			productName = GithubSearch;
			productReference = BAE791AB2B13F0D1009D0A18 /* GithubSearch.app */;
			productType = "com.apple.product-type.application";
		};
		BAE791BA2B13F0D6009D0A18 /* GithubSearchTests */ = {
			isa = PBXNativeTarget;
			buildConfigurationList = BAE791D22B13F0D6009D0A18 /* Build configuration list for PBXNativeTarget "GithubSearchTests" */;
			buildPhases = (
				BAE791B72B13F0D6009D0A18 /* Sources */,
				BAE791B82B13F0D6009D0A18 /* Frameworks */,
				BAE791B92B13F0D6009D0A18 /* Resources */,
			);
			buildRules = (
			);
			dependencies = (
				BAE791BD2B13F0D6009D0A18 /* PBXTargetDependency */,
			);
			name = GithubSearchTests;
			productName = GithubSearchTests;
			productReference = BAE791BB2B13F0D6009D0A18 /* GithubSearchTests.xctest */;
			productType = "com.apple.product-type.bundle.unit-test";
		};
		BAE791C42B13F0D6009D0A18 /* GithubSearchUITests */ = {
			isa = PBXNativeTarget;
			buildConfigurationList = BAE791D52B13F0D6009D0A18 /* Build configuration list for PBXNativeTarget "GithubSearchUITests" */;
			buildPhases = (
				BAE791C12B13F0D6009D0A18 /* Sources */,
				BAE791C22B13F0D6009D0A18 /* Frameworks */,
				BAE791C32B13F0D6009D0A18 /* Resources */,
			);
			buildRules = (
			);
			dependencies = (
				BAE791C72B13F0D6009D0A18 /* PBXTargetDependency */,
			);
			name = GithubSearchUITests;
			productName = GithubSearchUITests;
			productReference = BAE791C52B13F0D6009D0A18 /* GithubSearchUITests.xctest */;
			productType = "com.apple.product-type.bundle.ui-testing";
		};
/* End PBXNativeTarget section */

/* Begin PBXProject section */
		BAE791A32B13F0D1009D0A18 /* Project object */ = {
			isa = PBXProject;
			attributes = {
				BuildIndependentTargetsInParallel = 1;
				LastSwiftUpdateCheck = 1500;
				LastUpgradeCheck = 1500;
				TargetAttributes = {
					BAE791AA2B13F0D1009D0A18 = {
						CreatedOnToolsVersion = 15.0.1;
					};
					BAE791BA2B13F0D6009D0A18 = {
						CreatedOnToolsVersion = 15.0.1;
						TestTargetID = BAE791AA2B13F0D1009D0A18;
					};
					BAE791C42B13F0D6009D0A18 = {
						CreatedOnToolsVersion = 15.0.1;
						TestTargetID = BAE791AA2B13F0D1009D0A18;
					};
				};
			};
			buildConfigurationList = BAE791A62B13F0D1009D0A18 /* Build configuration list for PBXProject "GithubSearch" */;
			compatibilityVersion = "Xcode 14.0";
			developmentRegion = en;
			hasScannedForEncodings = 0;
			knownRegions = (
				en,
				Base,
			);
			mainGroup = BAE791A22B13F0D1009D0A18;
			productRefGroup = BAE791AC2B13F0D1009D0A18 /* Products */;
			projectDirPath = "";
			projectRoot = "";
			targets = (
				BAE791AA2B13F0D1009D0A18 /* GithubSearch */,
				BAE791BA2B13F0D6009D0A18 /* GithubSearchTests */,
				BAE791C42B13F0D6009D0A18 /* GithubSearchUITests */,
			);
		};
/* End PBXProject section */

/* Begin PBXResourcesBuildPhase section */
		BAE791A92B13F0D1009D0A18 /* Resources */ = {
			isa = PBXResourcesBuildPhase;
			buildActionMask = 2147483647;
			files = (
				BAE791B62B13F0D6009D0A18 /* Preview Assets.xcassets in Resources */,
				BAE791B32B13F0D6009D0A18 /* Assets.xcassets in Resources */,
			);
			runOnlyForDeploymentPostprocessing = 0;
		};
		BAE791B92B13F0D6009D0A18 /* Resources */ = {
			isa = PBXResourcesBuildPhase;
			buildActionMask = 2147483647;
			files = (
			);
			runOnlyForDeploymentPostprocessing = 0;
		};
		BAE791C32B13F0D6009D0A18 /* Resources */ = {
			isa = PBXResourcesBuildPhase;
			buildActionMask = 2147483647;
			files = (
			);
			runOnlyForDeploymentPostprocessing = 0;
		};
/* End PBXResourcesBuildPhase section */

/* Begin PBXSourcesBuildPhase section */
		BAE791A72B13F0D1009D0A18 /* Sources */ = {
			isa = PBXSourcesBuildPhase;
			buildActionMask = 2147483647;
			files = (
				BAE791D92B13F491009D0A18 /* HomeView.swift in Sources */,
				BAEE39342B175AF20022C8E8 /* UserViewModel.swift in Sources */,
				BAE791E32B1404E8009D0A18 /* GitHubAPIManager.swift in Sources */,
				BAEE39322B175AE40022C8E8 /* RepositoryViewModel.swift in Sources */,
				BAE791B12B13F0D1009D0A18 /* ContentView.swift in Sources */,
				BAE791DD2B13F7F5009D0A18 /* UsersView.swift in Sources */,
				BAEE39362B175B040022C8E8 /* UserDetailViewModel.swift in Sources */,
				BAEE39302B166A520022C8E8 /* UserDetailView.swift in Sources */,
				BAE791DB2B13F4BD009D0A18 /* RepositoryView.swift in Sources */,
				BAE791AF2B13F0D1009D0A18 /* GithubSearchApp.swift in Sources */,
				BAE791DF2B13F876009D0A18 /* Repository.swift in Sources */,
				BAE791E12B13F898009D0A18 /* User.swift in Sources */,
			);
			runOnlyForDeploymentPostprocessing = 0;
		};
		BAE791B72B13F0D6009D0A18 /* Sources */ = {
			isa = PBXSourcesBuildPhase;
			buildActionMask = 2147483647;
			files = (
				BAE791C02B13F0D6009D0A18 /* GithubSearchTests.swift in Sources */,
			);
			runOnlyForDeploymentPostprocessing = 0;
		};
		BAE791C12B13F0D6009D0A18 /* Sources */ = {
			isa = PBXSourcesBuildPhase;
			buildActionMask = 2147483647;
			files = (
				BAE791CA2B13F0D6009D0A18 /* GithubSearchUITests.swift in Sources */,
				BAE791CC2B13F0D6009D0A18 /* GithubSearchUITestsLaunchTests.swift in Sources */,
			);
			runOnlyForDeploymentPostprocessing = 0;
		};
/* End PBXSourcesBuildPhase section */

/* Begin PBXTargetDependency section */
		BAE791BD2B13F0D6009D0A18 /* PBXTargetDependency */ = {
			isa = PBXTargetDependency;
			target = BAE791AA2B13F0D1009D0A18 /* GithubSearch */;
			targetProxy = BAE791BC2B13F0D6009D0A18 /* PBXContainerItemProxy */;
		};
		BAE791C72B13F0D6009D0A18 /* PBXTargetDependency */ = {
			isa = PBXTargetDependency;
			target = BAE791AA2B13F0D1009D0A18 /* GithubSearch */;
			targetProxy = BAE791C62B13F0D6009D0A18 /* PBXContainerItemProxy */;
		};
/* End PBXTargetDependency section */

/* Begin XCBuildConfiguration section */
		BAE791CD2B13F0D6009D0A18 /* Debug */ = {
			isa = XCBuildConfiguration;
			buildSettings = {
				ALWAYS_SEARCH_USER_PATHS = NO;
				ASSETCATALOG_COMPILER_GENERATE_SWIFT_ASSET_SYMBOL_EXTENSIONS = YES;
				CLANG_ANALYZER_NONNULL = YES;
				CLANG_ANALYZER_NUMBER_OBJECT_CONVERSION = YES_AGGRESSIVE;
				CLANG_CXX_LANGUAGE_STANDARD = "gnu++20";
				CLANG_ENABLE_MODULES = YES;
				CLANG_ENABLE_OBJC_ARC = YES;
				CLANG_ENABLE_OBJC_WEAK = YES;
				CLANG_WARN_BLOCK_CAPTURE_AUTORELEASING = YES;
				CLANG_WARN_BOOL_CONVERSION = YES;
				CLANG_WARN_COMMA = YES;
				CLANG_WARN_CONSTANT_CONVERSION = YES;
				CLANG_WARN_DEPRECATED_OBJC_IMPLEMENTATIONS = YES;
				CLANG_WARN_DIRECT_OBJC_ISA_USAGE = YES_ERROR;
				CLANG_WARN_DOCUMENTATION_COMMENTS = YES;
				CLANG_WARN_EMPTY_BODY = YES;
				CLANG_WARN_ENUM_CONVERSION = YES;
				CLANG_WARN_INFINITE_RECURSION = YES;
				CLANG_WARN_INT_CONVERSION = YES;
				CLANG_WARN_NON_LITERAL_NULL_CONVERSION = YES;
				CLANG_WARN_OBJC_IMPLICIT_RETAIN_SELF = YES;
				CLANG_WARN_OBJC_LITERAL_CONVERSION = YES;
				CLANG_WARN_OBJC_ROOT_CLASS = YES_ERROR;
				CLANG_WARN_QUOTED_INCLUDE_IN_FRAMEWORK_HEADER = YES;
				CLANG_WARN_RANGE_LOOP_ANALYSIS = YES;
				CLANG_WARN_STRICT_PROTOTYPES = YES;
				CLANG_WARN_SUSPICIOUS_MOVE = YES;
				CLANG_WARN_UNGUARDED_AVAILABILITY = YES_AGGRESSIVE;
				CLANG_WARN_UNREACHABLE_CODE = YES;
				CLANG_WARN__DUPLICATE_METHOD_MATCH = YES;
				COPY_PHASE_STRIP = NO;
				DEBUG_INFORMATION_FORMAT = dwarf;
				ENABLE_STRICT_OBJC_MSGSEND = YES;
				ENABLE_TESTABILITY = YES;
				ENABLE_USER_SCRIPT_SANDBOXING = YES;
				GCC_C_LANGUAGE_STANDARD = gnu17;
				GCC_DYNAMIC_NO_PIC = NO;
				GCC_NO_COMMON_BLOCKS = YES;
				GCC_OPTIMIZATION_LEVEL = 0;
				GCC_PREPROCESSOR_DEFINITIONS = (
					"DEBUG=1",
					"$(inherited)",
				);
				GCC_WARN_64_TO_32_BIT_CONVERSION = YES;
				GCC_WARN_ABOUT_RETURN_TYPE = YES_ERROR;
				GCC_WARN_UNDECLARED_SELECTOR = YES;
				GCC_WARN_UNINITIALIZED_AUTOS = YES_AGGRESSIVE;
				GCC_WARN_UNUSED_FUNCTION = YES;
				GCC_WARN_UNUSED_VARIABLE = YES;
				IPHONEOS_DEPLOYMENT_TARGET = 17.0;
				LOCALIZATION_PREFERS_STRING_CATALOGS = YES;
				MTL_ENABLE_DEBUG_INFO = INCLUDE_SOURCE;
				MTL_FAST_MATH = YES;
				ONLY_ACTIVE_ARCH = YES;
				SDKROOT = iphoneos;
				SWIFT_ACTIVE_COMPILATION_CONDITIONS = "DEBUG $(inherited)";
				SWIFT_OPTIMIZATION_LEVEL = "-Onone";
			};
			name = Debug;
		};
		BAE791CE2B13F0D6009D0A18 /* Release */ = {
			isa = XCBuildConfiguration;
			buildSettings = {
				ALWAYS_SEARCH_USER_PATHS = NO;
				ASSETCATALOG_COMPILER_GENERATE_SWIFT_ASSET_SYMBOL_EXTENSIONS = YES;
				CLANG_ANALYZER_NONNULL = YES;
				CLANG_ANALYZER_NUMBER_OBJECT_CONVERSION = YES_AGGRESSIVE;
				CLANG_CXX_LANGUAGE_STANDARD = "gnu++20";
				CLANG_ENABLE_MODULES = YES;
				CLANG_ENABLE_OBJC_ARC = YES;
				CLANG_ENABLE_OBJC_WEAK = YES;
				CLANG_WARN_BLOCK_CAPTURE_AUTORELEASING = YES;
				CLANG_WARN_BOOL_CONVERSION = YES;
				CLANG_WARN_COMMA = YES;
				CLANG_WARN_CONSTANT_CONVERSION = YES;
				CLANG_WARN_DEPRECATED_OBJC_IMPLEMENTATIONS = YES;
				CLANG_WARN_DIRECT_OBJC_ISA_USAGE = YES_ERROR;
				CLANG_WARN_DOCUMENTATION_COMMENTS = YES;
				CLANG_WARN_EMPTY_BODY = YES;
				CLANG_WARN_ENUM_CONVERSION = YES;
				CLANG_WARN_INFINITE_RECURSION = YES;
				CLANG_WARN_INT_CONVERSION = YES;
				CLANG_WARN_NON_LITERAL_NULL_CONVERSION = YES;
				CLANG_WARN_OBJC_IMPLICIT_RETAIN_SELF = YES;
				CLANG_WARN_OBJC_LITERAL_CONVERSION = YES;
				CLANG_WARN_OBJC_ROOT_CLASS = YES_ERROR;
				CLANG_WARN_QUOTED_INCLUDE_IN_FRAMEWORK_HEADER = YES;
				CLANG_WARN_RANGE_LOOP_ANALYSIS = YES;
				CLANG_WARN_STRICT_PROTOTYPES = YES;
				CLANG_WARN_SUSPICIOUS_MOVE = YES;
				CLANG_WARN_UNGUARDED_AVAILABILITY = YES_AGGRESSIVE;
				CLANG_WARN_UNREACHABLE_CODE = YES;
				CLANG_WARN__DUPLICATE_METHOD_MATCH = YES;
				COPY_PHASE_STRIP = NO;
				DEBUG_INFORMATION_FORMAT = "dwarf-with-dsym";
				ENABLE_NS_ASSERTIONS = NO;
				ENABLE_STRICT_OBJC_MSGSEND = YES;
				ENABLE_USER_SCRIPT_SANDBOXING = YES;
				GCC_C_LANGUAGE_STANDARD = gnu17;
				GCC_NO_COMMON_BLOCKS = YES;
				GCC_WARN_64_TO_32_BIT_CONVERSION = YES;
				GCC_WARN_ABOUT_RETURN_TYPE = YES_ERROR;
				GCC_WARN_UNDECLARED_SELECTOR = YES;
				GCC_WARN_UNINITIALIZED_AUTOS = YES_AGGRESSIVE;
				GCC_WARN_UNUSED_FUNCTION = YES;
				GCC_WARN_UNUSED_VARIABLE = YES;
				IPHONEOS_DEPLOYMENT_TARGET = 17.0;
				LOCALIZATION_PREFERS_STRING_CATALOGS = YES;
				MTL_ENABLE_DEBUG_INFO = NO;
				MTL_FAST_MATH = YES;
				SDKROOT = iphoneos;
				SWIFT_COMPILATION_MODE = wholemodule;
				VALIDATE_PRODUCT = YES;
			};
			name = Release;
		};
		BAE791D02B13F0D6009D0A18 /* Debug */ = {
			isa = XCBuildConfiguration;
			buildSettings = {
				ASSETCATALOG_COMPILER_APPICON_NAME = AppIcon;
				ASSETCATALOG_COMPILER_GLOBAL_ACCENT_COLOR_NAME = AccentColor;
				CODE_SIGN_STYLE = Automatic;
				CURRENT_PROJECT_VERSION = 1;
				DEVELOPMENT_ASSET_PATHS = "\"GithubSearch/Preview Content\"";
				DEVELOPMENT_TEAM = M74ZCP24NH;
				ENABLE_PREVIEWS = YES;
				GENERATE_INFOPLIST_FILE = YES;
				INFOPLIST_KEY_UIApplicationSceneManifest_Generation = YES;
				INFOPLIST_KEY_UIApplicationSupportsIndirectInputEvents = YES;
				INFOPLIST_KEY_UILaunchScreen_Generation = YES;
				INFOPLIST_KEY_UISupportedInterfaceOrientations_iPad = "UIInterfaceOrientationPortrait UIInterfaceOrientationPortraitUpsideDown UIInterfaceOrientationLandscapeLeft UIInterfaceOrientationLandscapeRight";
				INFOPLIST_KEY_UISupportedInterfaceOrientations_iPhone = "UIInterfaceOrientationPortrait UIInterfaceOrientationLandscapeLeft UIInterfaceOrientationLandscapeRight";
				LD_RUNPATH_SEARCH_PATHS = (
					"$(inherited)",
					"@executable_path/Frameworks",
				);
				MARKETING_VERSION = 1.0;
				PRODUCT_BUNDLE_IDENTIFIER = com.ugorji.muna.GithubSearch;
				PRODUCT_NAME = "$(TARGET_NAME)";
				SWIFT_EMIT_LOC_STRINGS = YES;
				SWIFT_VERSION = 5.0;
				TARGETED_DEVICE_FAMILY = "1,2";
			};
			name = Debug;
		};
		BAE791D12B13F0D6009D0A18 /* Release */ = {
			isa = XCBuildConfiguration;
			buildSettings = {
				ASSETCATALOG_COMPILER_APPICON_NAME = AppIcon;
				ASSETCATALOG_COMPILER_GLOBAL_ACCENT_COLOR_NAME = AccentColor;
				CODE_SIGN_STYLE = Automatic;
				CURRENT_PROJECT_VERSION = 1;
				DEVELOPMENT_ASSET_PATHS = "\"GithubSearch/Preview Content\"";
				DEVELOPMENT_TEAM = M74ZCP24NH;
				ENABLE_PREVIEWS = YES;
				GENERATE_INFOPLIST_FILE = YES;
				INFOPLIST_KEY_UIApplicationSceneManifest_Generation = YES;
				INFOPLIST_KEY_UIApplicationSupportsIndirectInputEvents = YES;
				INFOPLIST_KEY_UILaunchScreen_Generation = YES;
				INFOPLIST_KEY_UISupportedInterfaceOrientations_iPad = "UIInterfaceOrientationPortrait UIInterfaceOrientationPortraitUpsideDown UIInterfaceOrientationLandscapeLeft UIInterfaceOrientationLandscapeRight";
				INFOPLIST_KEY_UISupportedInterfaceOrientations_iPhone = "UIInterfaceOrientationPortrait UIInterfaceOrientationLandscapeLeft UIInterfaceOrientationLandscapeRight";
				LD_RUNPATH_SEARCH_PATHS = (
					"$(inherited)",
					"@executable_path/Frameworks",
				);
				MARKETING_VERSION = 1.0;
				PRODUCT_BUNDLE_IDENTIFIER = com.ugorji.muna.GithubSearch;
				PRODUCT_NAME = "$(TARGET_NAME)";
				SWIFT_EMIT_LOC_STRINGS = YES;
				SWIFT_VERSION = 5.0;
				TARGETED_DEVICE_FAMILY = "1,2";
			};
			name = Release;
		};
		BAE791D32B13F0D6009D0A18 /* Debug */ = {
			isa = XCBuildConfiguration;
			buildSettings = {
				ALWAYS_EMBED_SWIFT_STANDARD_LIBRARIES = YES;
				BUNDLE_LOADER = "$(TEST_HOST)";
				CODE_SIGN_STYLE = Automatic;
				CURRENT_PROJECT_VERSION = 1;
				DEVELOPMENT_TEAM = M74ZCP24NH;
				GENERATE_INFOPLIST_FILE = YES;
				IPHONEOS_DEPLOYMENT_TARGET = 17.0;
				MARKETING_VERSION = 1.0;
				PRODUCT_BUNDLE_IDENTIFIER = com.ugorji.muna.GithubSearchTests;
				PRODUCT_NAME = "$(TARGET_NAME)";
				SWIFT_EMIT_LOC_STRINGS = NO;
				SWIFT_VERSION = 5.0;
				TARGETED_DEVICE_FAMILY = "1,2";
				TEST_HOST = "$(BUILT_PRODUCTS_DIR)/GithubSearch.app/$(BUNDLE_EXECUTABLE_FOLDER_PATH)/GithubSearch";
			};
			name = Debug;
		};
		BAE791D42B13F0D6009D0A18 /* Release */ = {
			isa = XCBuildConfiguration;
			buildSettings = {
				ALWAYS_EMBED_SWIFT_STANDARD_LIBRARIES = YES;
				BUNDLE_LOADER = "$(TEST_HOST)";
				CODE_SIGN_STYLE = Automatic;
				CURRENT_PROJECT_VERSION = 1;
				DEVELOPMENT_TEAM = M74ZCP24NH;
				GENERATE_INFOPLIST_FILE = YES;
				IPHONEOS_DEPLOYMENT_TARGET = 17.0;
				MARKETING_VERSION = 1.0;
				PRODUCT_BUNDLE_IDENTIFIER = com.ugorji.muna.GithubSearchTests;
				PRODUCT_NAME = "$(TARGET_NAME)";
				SWIFT_EMIT_LOC_STRINGS = NO;
				SWIFT_VERSION = 5.0;
				TARGETED_DEVICE_FAMILY = "1,2";
				TEST_HOST = "$(BUILT_PRODUCTS_DIR)/GithubSearch.app/$(BUNDLE_EXECUTABLE_FOLDER_PATH)/GithubSearch";
			};
			name = Release;
		};
		BAE791D62B13F0D6009D0A18 /* Debug */ = {
			isa = XCBuildConfiguration;
			buildSettings = {
				ALWAYS_EMBED_SWIFT_STANDARD_LIBRARIES = YES;
				CODE_SIGN_STYLE = Automatic;
				CURRENT_PROJECT_VERSION = 1;
				DEVELOPMENT_TEAM = M74ZCP24NH;
				GENERATE_INFOPLIST_FILE = YES;
				MARKETING_VERSION = 1.0;
				PRODUCT_BUNDLE_IDENTIFIER = com.ugorji.muna.GithubSearchUITests;
				PRODUCT_NAME = "$(TARGET_NAME)";
				SWIFT_EMIT_LOC_STRINGS = NO;
				SWIFT_VERSION = 5.0;
				TARGETED_DEVICE_FAMILY = "1,2";
				TEST_TARGET_NAME = GithubSearch;
			};
			name = Debug;
		};
		BAE791D72B13F0D6009D0A18 /* Release */ = {
			isa = XCBuildConfiguration;
			buildSettings = {
				ALWAYS_EMBED_SWIFT_STANDARD_LIBRARIES = YES;
				CODE_SIGN_STYLE = Automatic;
				CURRENT_PROJECT_VERSION = 1;
				DEVELOPMENT_TEAM = M74ZCP24NH;
				GENERATE_INFOPLIST_FILE = YES;
				MARKETING_VERSION = 1.0;
				PRODUCT_BUNDLE_IDENTIFIER = com.ugorji.muna.GithubSearchUITests;
				PRODUCT_NAME = "$(TARGET_NAME)";
				SWIFT_EMIT_LOC_STRINGS = NO;
				SWIFT_VERSION = 5.0;
				TARGETED_DEVICE_FAMILY = "1,2";
				TEST_TARGET_NAME = GithubSearch;
			};
			name = Release;
		};
/* End XCBuildConfiguration section */

/* Begin XCConfigurationList section */
		BAE791A62B13F0D1009D0A18 /* Build configuration list for PBXProject "GithubSearch" */ = {
			isa = XCConfigurationList;
			buildConfigurations = (
				BAE791CD2B13F0D6009D0A18 /* Debug */,
				BAE791CE2B13F0D6009D0A18 /* Release */,
			);
			defaultConfigurationIsVisible = 0;
			defaultConfigurationName = Release;
		};
		BAE791CF2B13F0D6009D0A18 /* Build configuration list for PBXNativeTarget "GithubSearch" */ = {
			isa = XCConfigurationList;
			buildConfigurations = (
				BAE791D02B13F0D6009D0A18 /* Debug */,
				BAE791D12B13F0D6009D0A18 /* Release */,
			);
			defaultConfigurationIsVisible = 0;
			defaultConfigurationName = Release;
		};
		BAE791D22B13F0D6009D0A18 /* Build configuration list for PBXNativeTarget "GithubSearchTests" */ = {
			isa = XCConfigurationList;
			buildConfigurations = (
				BAE791D32B13F0D6009D0A18 /* Debug */,
				BAE791D42B13F0D6009D0A18 /* Release */,
			);
			defaultConfigurationIsVisible = 0;
			defaultConfigurationName = Release;
		};
		BAE791D52B13F0D6009D0A18 /* Build configuration list for PBXNativeTarget "GithubSearchUITests" */ = {
			isa = XCConfigurationList;
			buildConfigurations = (
				BAE791D62B13F0D6009D0A18 /* Debug */,
				BAE791D72B13F0D6009D0A18 /* Release */,
			);
			defaultConfigurationIsVisible = 0;
			defaultConfigurationName = Release;
		};
/* End XCConfigurationList section */
	};
	rootObject = BAE791A32B13F0D1009D0A18 /* Project object */;
}
